// !$*UTF8*$!
{
	archiveVersion = 1;
	classes = {
	};
	objectVersion = 46;
	objects = {

/* Begin PBXBuildFile section */
		CE53D37C1DA5F845008BCCFF /* main.m in Sources */ = {isa = PBXBuildFile; fileRef = CE53D37B1DA5F845008BCCFF /* main.m */; };
		CE53D37F1DA5F845008BCCFF /* AppDelegate.m in Sources */ = {isa = PBXBuildFile; fileRef = CE53D37E1DA5F845008BCCFF /* AppDelegate.m */; };
		CE53D3821DA5F845008BCCFF /* ViewController.m in Sources */ = {isa = PBXBuildFile; fileRef = CE53D3811DA5F845008BCCFF /* ViewController.m */; };
		CE53D3851DA5F845008BCCFF /* Main.storyboard in Resources */ = {isa = PBXBuildFile; fileRef = CE53D3831DA5F845008BCCFF /* Main.storyboard */; };
		CE53D3871DA5F845008BCCFF /* Assets.xcassets in Resources */ = {isa = PBXBuildFile; fileRef = CE53D3861DA5F845008BCCFF /* Assets.xcassets */; };
		CE53D38A1DA5F845008BCCFF /* LaunchScreen.storyboard in Resources */ = {isa = PBXBuildFile; fileRef = CE53D3881DA5F845008BCCFF /* LaunchScreen.storyboard */; };
		CE53D3931DA5F90E008BCCFF /* TasksTableViewController.m in Sources */ = {isa = PBXBuildFile; fileRef = CE53D3921DA5F90E008BCCFF /* TasksTableViewController.m */; };
		CE53D3961DA5FB94008BCCFF /* Task.m in Sources */ = {isa = PBXBuildFile; fileRef = CE53D3951DA5FB94008BCCFF /* Task.m */; };
/* End PBXBuildFile section */

/* Begin PBXFileReference section */
		CE53D3771DA5F845008BCCFF /* Populate UITableView.app */ = {isa = PBXFileReference; explicitFileType = wrapper.application; includeInIndex = 0; path = "Populate UITableView.app"; sourceTree = BUILT_PRODUCTS_DIR; };
		CE53D37B1DA5F845008BCCFF /* main.m */ = {isa = PBXFileReference; lastKnownFileType = sourcecode.c.objc; path = main.m; sourceTree = "<group>"; };
		CE53D37D1DA5F845008BCCFF /* AppDelegate.h */ = {isa = PBXFileReference; lastKnownFileType = sourcecode.c.h; path = AppDelegate.h; sourceTree = "<group>"; };
		CE53D37E1DA5F845008BCCFF /* AppDelegate.m */ = {isa = PBXFileReference; lastKnownFileType = sourcecode.c.objc; path = AppDelegate.m; sourceTree = "<group>"; };
		CE53D3801DA5F845008BCCFF /* ViewController.h */ = {isa = PBXFileReference; lastKnownFileType = sourcecode.c.h; path = ViewController.h; sourceTree = "<group>"; };
		CE53D3811DA5F845008BCCFF /* ViewController.m */ = {isa = PBXFileReference; lastKnownFileType = sourcecode.c.objc; path = ViewController.m; sourceTree = "<group>"; };
		CE53D3841DA5F845008BCCFF /* Base */ = {isa = PBXFileReference; lastKnownFileType = file.storyboard; name = Base; path = Base.lproj/Main.storyboard; sourceTree = "<group>"; };
		CE53D3861DA5F845008BCCFF /* Assets.xcassets */ = {isa = PBXFileReference; lastKnownFileType = folder.assetcatalog; path = Assets.xcassets; sourceTree = "<group>"; };
		CE53D3891DA5F845008BCCFF /* Base */ = {isa = PBXFileReference; lastKnownFileType = file.storyboard; name = Base; path = Base.lproj/LaunchScreen.storyboard; sourceTree = "<group>"; };
		CE53D38B1DA5F845008BCCFF /* Info.plist */ = {isa = PBXFileReference; lastKnownFileType = text.plist.xml; path = Info.plist; sourceTree = "<group>"; };
		CE53D3911DA5F90E008BCCFF /* TasksTableViewController.h */ = {isa = PBXFileReference; fileEncoding = 4; lastKnownFileType = sourcecode.c.h; path = TasksTableViewController.h; sourceTree = "<group>"; };
		CE53D3921DA5F90E008BCCFF /* TasksTableViewController.m */ = {isa = PBXFileReference; fileEncoding = 4; lastKnownFileType = sourcecode.c.objc; path = TasksTableViewController.m; sourceTree = "<group>"; };
		CE53D3941DA5FB94008BCCFF /* Task.h */ = {isa = PBXFileReference; fileEncoding = 4; lastKnownFileType = sourcecode.c.h; path = Task.h; sourceTree = "<group>"; };
		CE53D3951DA5FB94008BCCFF /* Task.m */ = {isa = PBXFileReference; fileEncoding = 4; lastKnownFileType = sourcecode.c.objc; path = Task.m; sourceTree = "<group>"; };
/* End PBXFileReference section */

/* Begin PBXFrameworksBuildPhase section */
		CE53D3741DA5F845008BCCFF /* Frameworks */ = {
			isa = PBXFrameworksBuildPhase;
			buildActionMask = 2147483647;
			files = (
			);
			runOnlyForDeploymentPostprocessing = 0;
		};
/* End PBXFrameworksBuildPhase section */

/* Begin PBXGroup section */
		CE53D36E1DA5F845008BCCFF = {
			isa = PBXGroup;
			children = (
				CE53D3791DA5F845008BCCFF /* Populate UITableView */,
				CE53D3781DA5F845008BCCFF /* Products */,
			);
			sourceTree = "<group>";
		};
		CE53D3781DA5F845008BCCFF /* Products */ = {
			isa = PBXGroup;
			children = (
				CE53D3771DA5F845008BCCFF /* Populate UITableView.app */,
			);
			name = Products;
			sourceTree = "<group>";
		};
		CE53D3791DA5F845008BCCFF /* Populate UITableView */ = {
			isa = PBXGroup;
			children = (
				CE53D37D1DA5F845008BCCFF /* AppDelegate.h */,
				CE53D37E1DA5F845008BCCFF /* AppDelegate.m */,
				CE53D3801DA5F845008BCCFF /* ViewController.h */,
				CE53D3811DA5F845008BCCFF /* ViewController.m */,
				CE53D3831DA5F845008BCCFF /* Main.storyboard */,
				CE53D3941DA5FB94008BCCFF /* Task.h */,
				CE53D3951DA5FB94008BCCFF /* Task.m */,
				CE53D3911DA5F90E008BCCFF /* TasksTableViewController.h */,
				CE53D3921DA5F90E008BCCFF /* TasksTableViewController.m */,
				CE53D3861DA5F845008BCCFF /* Assets.xcassets */,
				CE53D3881DA5F845008BCCFF /* LaunchScreen.storyboard */,
				CE53D38B1DA5F845008BCCFF /* Info.plist */,
				CE53D37A1DA5F845008BCCFF /* Supporting Files */,
			);
			path = "Populate UITableView";
			sourceTree = "<group>";
		};
		CE53D37A1DA5F845008BCCFF /* Supporting Files */ = {
			isa = PBXGroup;
			children = (
				CE53D37B1DA5F845008BCCFF /* main.m */,
			);
			name = "Supporting Files";
			sourceTree = "<group>";
		};
/* End PBXGroup section */

/* Begin PBXNativeTarget section */
		CE53D3761DA5F845008BCCFF /* Populate UITableView */ = {
			isa = PBXNativeTarget;
			buildConfigurationList = CE53D38E1DA5F845008BCCFF /* Build configuration list for PBXNativeTarget "Populate UITableView" */;
			buildPhases = (
				CE53D3731DA5F845008BCCFF /* Sources */,
				CE53D3741DA5F845008BCCFF /* Frameworks */,
				CE53D3751DA5F845008BCCFF /* Resources */,
			);
			buildRules = (
			);
			dependencies = (
			);
			name = "Populate UITableView";
			productName = "Populate UITableView";
			productReference = CE53D3771DA5F845008BCCFF /* Populate UITableView.app */;
			productType = "com.apple.product-type.application";
		};
/* End PBXNativeTarget section */

/* Begin PBXProject section */
		CE53D36F1DA5F845008BCCFF /* Project object */ = {
			isa = PBXProject;
			attributes = {
				LastUpgradeCheck = 0800;
				ORGANIZATIONNAME = "rem{e}koh";
				TargetAttributes = {
					CE53D3761DA5F845008BCCFF = {
						CreatedOnToolsVersion = 8.0;
						DevelopmentTeam = BL9A494VY5;
						ProvisioningStyle = Automatic;
					};
				};
			};
			buildConfigurationList = CE53D3721DA5F845008BCCFF /* Build configuration list for PBXProject "Populate UITableView" */;
			compatibilityVersion = "Xcode 3.2";
			developmentRegion = English;
			hasScannedForEncodings = 0;
			knownRegions = (
				en,
				Base,
			);
			mainGroup = CE53D36E1DA5F845008BCCFF;
			productRefGroup = CE53D3781DA5F845008BCCFF /* Products */;
			projectDirPath = "";
			projectRoot = "";
			targets = (
				CE53D3761DA5F845008BCCFF /* Populate UITableView */,
			);
		};
/* End PBXProject section */

/* Begin PBXResourcesBuildPhase section */
		CE53D3751DA5F845008BCCFF /* Resources */ = {
			isa = PBXResourcesBuildPhase;
			buildActionMask = 2147483647;
			files = (
				CE53D38A1DA5F845008BCCFF /* LaunchScreen.storyboard in Resources */,
				CE53D3871DA5F845008BCCFF /* Assets.xcassets in Resources */,
				CE53D3851DA5F845008BCCFF /* Main.storyboard in Resources */,
			);
			runOnlyForDeploymentPostprocessing = 0;
		};
/* End PBXResourcesBuildPhase section */

/* Begin PBXSourcesBuildPhase section */
		CE53D3731DA5F845008BCCFF /* Sources */ = {
			isa = PBXSourcesBuildPhase;
			buildActionMask = 2147483647;
			files = (
				CE53D3961DA5FB94008BCCFF /* Task.m in Sources */,
				CE53D3821DA5F845008BCCFF /* ViewController.m in Sources */,
				CE53D37F1DA5F845008BCCFF /* AppDelegate.m in Sources */,
				CE53D3931DA5F90E008BCCFF /* TasksTableViewController.m in Sources */,
				CE53D37C1DA5F845008BCCFF /* main.m in Sources */,
			);
			runOnlyForDeploymentPostprocessing = 0;
		};
/* End PBXSourcesBuildPhase section */

/* Begin PBXVariantGroup section */
		CE53D3831DA5F845008BCCFF /* Main.storyboard */ = {
			isa = PBXVariantGroup;
			children = (
				CE53D3841DA5F845008BCCFF /* Base */,
			);
			name = Main.storyboard;
			sourceTree = "<group>";
		};
		CE53D3881DA5F845008BCCFF /* LaunchScreen.storyboard */ = {
			isa = PBXVariantGroup;
			children = (
				CE53D3891DA5F845008BCCFF /* Base */,
			);
			name = LaunchScreen.storyboard;
			sourceTree = "<group>";
		};
/* End PBXVariantGroup section */

/* Begin XCBuildConfiguration section */
		CE53D38C1DA5F845008BCCFF /* Debug */ = {
			isa = XCBuildConfiguration;
			buildSettings = {
				ALWAYS_SEARCH_USER_PATHS = NO;
				CLANG_ANALYZER_NONNULL = YES;
				CLANG_CXX_LANGUAGE_STANDARD = "gnu++0x";
				CLANG_CXX_LIBRARY = "libc++";
				CLANG_ENABLE_MODULES = YES;
				CLANG_ENABLE_OBJC_ARC = YES;
				CLANG_WARN_BOOL_CONVERSION = YES;
				CLANG_WARN_CONSTANT_CONVERSION = YES;
				CLANG_WARN_DIRECT_OBJC_ISA_USAGE = YES_ERROR;
				CLANG_WARN_DOCUMENTATION_COMMENTS = YES;
				CLANG_WARN_EMPTY_BODY = YES;
				CLANG_WARN_ENUM_CONVERSION = YES;
				CLANG_WARN_INFINITE_RECURSION = YES;
				CLANG_WARN_INT_CONVERSION = YES;
				CLANG_WARN_OBJC_ROOT_CLASS = YES_ERROR;
				CLANG_WARN_SUSPICIOUS_MOVES = YES;
				CLANG_WARN_UNREACHABLE_CODE = YES;
				CLANG_WARN__DUPLICATE_METHOD_MATCH = YES;
				"CODE_SIGN_IDENTITY[sdk=iphoneos*]" = "iPhone Developer";
				COPY_PHASE_STRIP = NO;
				DEBUG_INFORMATION_FORMAT = dwarf;
				ENABLE_STRICT_OBJC_MSGSEND = YES;
				ENABLE_TESTABILITY = YES;
				GCC_C_LANGUAGE_STANDARD = gnu99;
				GCC_DYNAMIC_NO_PIC = NO;
				GCC_NO_COMMON_BLOCKS = YES;
				GCC_OPTIMIZATION_LEVEL = 0;
				GCC_PREPROCESSOR_DEFINITIONS = (
					"DEBUG=1",
					"$(inherited)",
				);
				GCC_WARN_64_TO_32_BIT_CONVERSION = YES;
				GCC_WARN_ABOUT_RETURN_TYPE = YES_ERROR;
				GCC_WARN_UNDECLARED_SELECTOR = YES;
				GCC_WARN_UNINITIALIZED_AUTOS = YES_AGGRESSIVE;
				GCC_WARN_UNUSED_FUNCTION = YES;
				GCC_WARN_UNUSED_VARIABLE = YES;
				IPHONEOS_DEPLOYMENT_TARGET = 10.0;
				MTL_ENABLE_DEBUG_INFO = YES;
				ONLY_ACTIVE_ARCH = YES;
				SDKROOT = iphoneos;
				TARGETED_DEVICE_FAMILY = "1,2";
			};
			name = Debug;
		};
		CE53D38D1DA5F845008BCCFF /* Release */ = {
			isa = XCBuildConfiguration;
			buildSettings = {
				ALWAYS_SEARCH_USER_PATHS = NO;
				CLANG_ANALYZER_NONNULL = YES;
				CLANG_CXX_LANGUAGE_STANDARD = "gnu++0x";
				CLANG_CXX_LIBRARY = "libc++";
				CLANG_ENABLE_MODULES = YES;
				CLANG_ENABLE_OBJC_ARC = YES;
				CLANG_WARN_BOOL_CONVERSION = YES;
				CLANG_WARN_CONSTANT_CONVERSION = YES;
				CLANG_WARN_DIRECT_OBJC_ISA_USAGE = YES_ERROR;
				CLANG_WARN_DOCUMENTATION_COMMENTS = YES;
				CLANG_WARN_EMPTY_BODY = YES;
				CLANG_WARN_ENUM_CONVERSION = YES;
				CLANG_WARN_INFINITE_RECURSION = YES;
				CLANG_WARN_INT_CONVERSION = YES;
				CLANG_WARN_OBJC_ROOT_CLASS = YES_ERROR;
				CLANG_WARN_SUSPICIOUS_MOVES = YES;
				CLANG_WARN_UNREACHABLE_CODE = YES;
				CLANG_WARN__DUPLICATE_METHOD_MATCH = YES;
				"CODE_SIGN_IDENTITY[sdk=iphoneos*]" = "iPhone Developer";
				COPY_PHASE_STRIP = NO;
				DEBUG_INFORMATION_FORMAT = "dwarf-with-dsym";
				ENABLE_NS_ASSERTIONS = NO;
				ENABLE_STRICT_OBJC_MSGSEND = YES;
				GCC_C_LANGUAGE_STANDARD = gnu99;
				GCC_NO_COMMON_BLOCKS = YES;
				GCC_WARN_64_TO_32_BIT_CONVERSION = YES;
				GCC_WARN_ABOUT_RETURN_TYPE = YES_ERROR;
				GCC_WARN_UNDECLARED_SELECTOR = YES;
				GCC_WARN_UNINITIALIZED_AUTOS = YES_AGGRESSIVE;
				GCC_WARN_UNUSED_FUNCTION = YES;
				GCC_WARN_UNUSED_VARIABLE = YES;
				IPHONEOS_DEPLOYMENT_TARGET = 10.0;
				MTL_ENABLE_DEBUG_INFO = NO;
				SDKROOT = iphoneos;
				TARGETED_DEVICE_FAMILY = "1,2";
				VALIDATE_PRODUCT = YES;
			};
			name = Release;
		};
		CE53D38F1DA5F845008BCCFF /* Debug */ = {
			isa = XCBuildConfiguration;
			buildSettings = {
				ASSETCATALOG_COMPILER_APPICON_NAME = AppIcon;
				DEVELOPMENT_TEAM = BL9A494VY5;
				INFOPLIST_FILE = "Populate UITableView/Info.plist";
				LD_RUNPATH_SEARCH_PATHS = "$(inherited) @executable_path/Frameworks";
				PRODUCT_BUNDLE_IDENTIFIER = "remekoh.Populate-UITableView";
				PRODUCT_NAME = "$(TARGET_NAME)";
			};
			name = Debug;
		};
		CE53D3901DA5F845008BCCFF /* Release */ = {
			isa = XCBuildConfiguration;
			buildSettings = {
				ASSETCATALOG_COMPILER_APPICON_NAME = AppIcon;
				DEVELOPMENT_TEAM = BL9A494VY5;
				INFOPLIST_FILE = "Populate UITableView/Info.plist";
				LD_RUNPATH_SEARCH_PATHS = "$(inherited) @executable_path/Frameworks";
				PRODUCT_BUNDLE_IDENTIFIER = "remekoh.Populate-UITableView";
				PRODUCT_NAME = "$(TARGET_NAME)";
			};
			name = Release;
		};
/* End XCBuildConfiguration section */

/* Begin XCConfigurationList section */
		CE53D3721DA5F845008BCCFF /* Build configuration list for PBXProject "Populate UITableView" */ = {
			isa = XCConfigurationList;
			buildConfigurations = (
				CE53D38C1DA5F845008BCCFF /* Debug */,
				CE53D38D1DA5F845008BCCFF /* Release */,
			);
			defaultConfigurationIsVisible = 0;
			defaultConfigurationName = Release;
		};
		CE53D38E1DA5F845008BCCFF /* Build configuration list for PBXNativeTarget "Populate UITableView" */ = {
			isa = XCConfigurationList;
			buildConfigurations = (
				CE53D38F1DA5F845008BCCFF /* Debug */,
				CE53D3901DA5F845008BCCFF /* Release */,
			);
			defaultConfigurationIsVisible = 0;
		};
/* End XCConfigurationList section */
	};
	rootObject = CE53D36F1DA5F845008BCCFF /* Project object */;
}
